PODS:
  - Alamofire (4.7.2)
  - ObjectMapper (2.2.9)

DEPENDENCIES:
  - Alamofire (~> 4.7)
  - ObjectMapper (~> 2.1)

SPEC REPOS:
  https://github.com/CocoaPods/Specs.git:
    - Alamofire
    - ObjectMapper

SPEC CHECKSUMS:
  Alamofire: e4fa87002c137ba2d8d634d2c51fabcda0d5c223
  ObjectMapper: 63cfe41bc6f8e7c8f44344c49901b8ae7de14c52

PODFILE CHECKSUM: b1b0754fea602471624cca1063f3586c3d86c0fd

COCOAPODS: 1.5.0
